
Microsoft Visual Studio Solution File, Format Version 12.00
# Visual Studio Version 16
VisualStudioVersion = 16.0.31911.196
MinimumVisualStudioVersion = 10.0.40219.1
Project("{9A19103F-16F7-4668-BE54-9A1E7A4F7556}") = "Guldan", "Guldan.csproj", "{6DCEC7D4-55EF-49FC-96F8-F6F7CF472616}"
EndProject
Project("{2150E333-8FDC-42A3-9474-1A3956D46DE8}") = "Plugins", "Plugins", "{644EEF21-9C38-4213-819A-E94A92484D60}"
EndProject
Project("{9A19103F-16F7-4668-BE54-9A1E7A4F7556}") = "Guldan.Package", "..\Plugins\Guldan.Package\Guldan.Package.csproj", "{5F7B9690-E112-4866-A93E-F39900C28DC6}"
EndProject
Project("{9A19103F-16F7-4668-BE54-9A1E7A4F7556}") = "Guldan.QuartzNet", "..\Plugins\Guldan.QuartzNet\Guldan.QuartzNet.csproj", "{75A672D5-8842-498C-B4BE-32367A86EFEA}"
EndProject
Project("{2150E333-8FDC-42A3-9474-1A3956D46DE8}") = "Common", "Common", "{1E551CDD-3AFC-42D1-A919-BEE589C11645}"
EndProject
Project("{9A19103F-16F7-4668-BE54-9A1E7A4F7556}") = "Guldan.Common", "..\Common\Guldan.Common\Guldan.Common.csproj", "{55C7EA7C-D242-4246-9D5A-85F07B23754F}"
EndProject
Project("{9A19103F-16F7-4668-BE54-9A1E7A4F7556}") = "Guldan.RabbitMQ", "..\Plugins\Guldan.RabbitMQ\Guldan.RabbitMQ.csproj", "{1D008953-1DB4-49D0-9B7F-7C32270D680F}"
EndProject
Project("{9A19103F-16F7-4668-BE54-9A1E7A4F7556}") = "Guldan.Cache", "..\Plugins\Guldan.Cache\Guldan.Cache.csproj", "{0A9360A4-CD21-44A2-B5FE-4E423C0F84F0}"
EndProject
Project("{2150E333-8FDC-42A3-9474-1A3956D46DE8}") = "Sys", "Sys", "{848BE1BF-B435-45F9-8A28-E8A7105AD475}"
EndProject
Project("{9A19103F-16F7-4668-BE54-9A1E7A4F7556}") = "Guldan.IService.Sys", "..\Sys\Guldan.IService.Sys\Guldan.IService.Sys.csproj", "{B7A963E8-B545-4DC2-BE60-3B58277F591B}"
EndProject
Project("{9A19103F-16F7-4668-BE54-9A1E7A4F7556}") = "Guldan.Data", "..\Guldan.Data\Guldan.Data.csproj", "{ADB39A25-2695-4973-8307-A67A17ECB44E}"
EndProject
Project("{9A19103F-16F7-4668-BE54-9A1E7A4F7556}") = "Guldan.Service.Sys", "..\Sys\Guldan.Service.Sys\Guldan.Service.Sys.csproj", "{E2590680-AE76-448E-8CE6-BA0CB38AE818}"
EndProject
Project("{9A19103F-16F7-4668-BE54-9A1E7A4F7556}") = "Guldan.Service", "..\Common\Guldan.Service\Guldan.Service.csproj", "{F783B93C-AD10-4F31-9D2C-E8F19FC4C8E8}"
EndProject
Project("{9A19103F-16F7-4668-BE54-9A1E7A4F7556}") = "Guldan.Repository.Sys", "..\Sys\Guldan.Repository.Sys\Guldan.Repository.Sys.csproj", "{A8308C64-060D-49EC-9C0D-72675A1FF689}"
EndProject
Project("{FAE04EC0-301F-11D3-BF4B-00C04F79EFBC}") = "Guldan.DynamicWebApi", "..\Plugins\Guldan.DynamicWebApi\Guldan.DynamicWebApi.csproj", "{81531570-15A1-4710-9990-AF916EC651F2}"
EndProject
Global
	GlobalSection(SolutionConfigurationPlatforms) = preSolution
		Debug|Any CPU = Debug|Any CPU
		Release|Any CPU = Release|Any CPU
	EndGlobalSection
	GlobalSection(ProjectConfigurationPlatforms) = postSolution
		{6DCEC7D4-55EF-49FC-96F8-F6F7CF472616}.Debug|Any CPU.ActiveCfg = Debug|Any CPU
		{6DCEC7D4-55EF-49FC-96F8-F6F7CF472616}.Debug|Any CPU.Build.0 = Debug|Any CPU
		{6DCEC7D4-55EF-49FC-96F8-F6F7CF472616}.Release|Any CPU.ActiveCfg = Release|Any CPU
		{6DCEC7D4-55EF-49FC-96F8-F6F7CF472616}.Release|Any CPU.Build.0 = Release|Any CPU
		{5F7B9690-E112-4866-A93E-F39900C28DC6}.Debug|Any CPU.ActiveCfg = Debug|Any CPU
		{5F7B9690-E112-4866-A93E-F39900C28DC6}.Debug|Any CPU.Build.0 = Debug|Any CPU
		{5F7B9690-E112-4866-A93E-F39900C28DC6}.Release|Any CPU.ActiveCfg = Release|Any CPU
		{5F7B9690-E112-4866-A93E-F39900C28DC6}.Release|Any CPU.Build.0 = Release|Any CPU
		{75A672D5-8842-498C-B4BE-32367A86EFEA}.Debug|Any CPU.ActiveCfg = Debug|Any CPU
		{75A672D5-8842-498C-B4BE-32367A86EFEA}.Debug|Any CPU.Build.0 = Debug|Any CPU
		{75A672D5-8842-498C-B4BE-32367A86EFEA}.Release|Any CPU.ActiveCfg = Release|Any CPU
		{75A672D5-8842-498C-B4BE-32367A86EFEA}.Release|Any CPU.Build.0 = Release|Any CPU
		{55C7EA7C-D242-4246-9D5A-85F07B23754F}.Debug|Any CPU.ActiveCfg = Debug|Any CPU
		{55C7EA7C-D242-4246-9D5A-85F07B23754F}.Debug|Any CPU.Build.0 = Debug|Any CPU
		{55C7EA7C-D242-4246-9D5A-85F07B23754F}.Release|Any CPU.ActiveCfg = Release|Any CPU
		{55C7EA7C-D242-4246-9D5A-85F07B23754F}.Release|Any CPU.Build.0 = Release|Any CPU
		{1D008953-1DB4-49D0-9B7F-7C32270D680F}.Debug|Any CPU.ActiveCfg = Debug|Any CPU
		{1D008953-1DB4-49D0-9B7F-7C32270D680F}.Debug|Any CPU.Build.0 = Debug|Any CPU
		{1D008953-1DB4-49D0-9B7F-7C32270D680F}.Release|Any CPU.ActiveCfg = Release|Any CPU
		{1D008953-1DB4-49D0-9B7F-7C32270D680F}.Release|Any CPU.Build.0 = Release|Any CPU
		{0A9360A4-CD21-44A2-B5FE-4E423C0F84F0}.Debug|Any CPU.ActiveCfg = Debug|Any CPU
		{0A9360A4-CD21-44A2-B5FE-4E423C0F84F0}.Debug|Any CPU.Build.0 = Debug|Any CPU
		{0A9360A4-CD21-44A2-B5FE-4E423C0F84F0}.Release|Any CPU.ActiveCfg = Release|Any CPU
		{0A9360A4-CD21-44A2-B5FE-4E423C0F84F0}.Release|Any CPU.Build.0 = Release|Any CPU
		{B7A963E8-B545-4DC2-BE60-3B58277F591B}.Debug|Any CPU.ActiveCfg = Debug|Any CPU
		{B7A963E8-B545-4DC2-BE60-3B58277F591B}.Debug|Any CPU.Build.0 = Debug|Any CPU
		{B7A963E8-B545-4DC2-BE60-3B58277F591B}.Release|Any CPU.ActiveCfg = Release|Any CPU
		{B7A963E8-B545-4DC2-BE60-3B58277F591B}.Release|Any CPU.Build.0 = Release|Any CPU
		{ADB39A25-2695-4973-8307-A67A17ECB44E}.Debug|Any CPU.ActiveCfg = Debug|Any CPU
		{ADB39A25-2695-4973-8307-A67A17ECB44E}.Debug|Any CPU.Build.0 = Debug|Any CPU
		{ADB39A25-2695-4973-8307-A67A17ECB44E}.Release|Any CPU.ActiveCfg = Release|Any CPU
		{ADB39A25-2695-4973-8307-A67A17ECB44E}.Release|Any CPU.Build.0 = Release|Any CPU
		{E2590680-AE76-448E-8CE6-BA0CB38AE818}.Debug|Any CPU.ActiveCfg = Debug|Any CPU
		{E2590680-AE76-448E-8CE6-BA0CB38AE818}.Debug|Any CPU.Build.0 = Debug|Any CPU
		{E2590680-AE76-448E-8CE6-BA0CB38AE818}.Release|Any CPU.ActiveCfg = Release|Any CPU
		{E2590680-AE76-448E-8CE6-BA0CB38AE818}.Release|Any CPU.Build.0 = Release|Any CPU
		{F783B93C-AD10-4F31-9D2C-E8F19FC4C8E8}.Debug|Any CPU.ActiveCfg = Debug|Any CPU
		{F783B93C-AD10-4F31-9D2C-E8F19FC4C8E8}.Debug|Any CPU.Build.0 = Debug|Any CPU
		{F783B93C-AD10-4F31-9D2C-E8F19FC4C8E8}.Release|Any CPU.ActiveCfg = Release|Any CPU
		{F783B93C-AD10-4F31-9D2C-E8F19FC4C8E8}.Release|Any CPU.Build.0 = Release|Any CPU
		{A8308C64-060D-49EC-9C0D-72675A1FF689}.Debug|Any CPU.ActiveCfg = Debug|Any CPU
		{A8308C64-060D-49EC-9C0D-72675A1FF689}.Debug|Any CPU.Build.0 = Debug|Any CPU
		{A8308C64-060D-49EC-9C0D-72675A1FF689}.Release|Any CPU.ActiveCfg = Release|Any CPU
		{A8308C64-060D-49EC-9C0D-72675A1FF689}.Release|Any CPU.Build.0 = Release|Any CPU
		{81531570-15A1-4710-9990-AF916EC651F2}.Debug|Any CPU.ActiveCfg = Debug|Any CPU
		{81531570-15A1-4710-9990-AF916EC651F2}.Debug|Any CPU.Build.0 = Debug|Any CPU
		{81531570-15A1-4710-9990-AF916EC651F2}.Release|Any CPU.ActiveCfg = Release|Any CPU
		{81531570-15A1-4710-9990-AF916EC651F2}.Release|Any CPU.Build.0 = Release|Any CPU
	EndGlobalSection
	GlobalSection(SolutionProperties) = preSolution
		HideSolutionNode = FALSE
	EndGlobalSection
	GlobalSection(NestedProjects) = preSolution
		{5F7B9690-E112-4866-A93E-F39900C28DC6} = {644EEF21-9C38-4213-819A-E94A92484D60}
		{75A672D5-8842-498C-B4BE-32367A86EFEA} = {644EEF21-9C38-4213-819A-E94A92484D60}
		{55C7EA7C-D242-4246-9D5A-85F07B23754F} = {1E551CDD-3AFC-42D1-A919-BEE589C11645}
		{1D008953-1DB4-49D0-9B7F-7C32270D680F} = {644EEF21-9C38-4213-819A-E94A92484D60}
		{0A9360A4-CD21-44A2-B5FE-4E423C0F84F0} = {644EEF21-9C38-4213-819A-E94A92484D60}
		{B7A963E8-B545-4DC2-BE60-3B58277F591B} = {848BE1BF-B435-45F9-8A28-E8A7105AD475}
		{E2590680-AE76-448E-8CE6-BA0CB38AE818} = {848BE1BF-B435-45F9-8A28-E8A7105AD475}
		{F783B93C-AD10-4F31-9D2C-E8F19FC4C8E8} = {1E551CDD-3AFC-42D1-A919-BEE589C11645}
		{A8308C64-060D-49EC-9C0D-72675A1FF689} = {848BE1BF-B435-45F9-8A28-E8A7105AD475}
		{81531570-15A1-4710-9990-AF916EC651F2} = {644EEF21-9C38-4213-819A-E94A92484D60}
	EndGlobalSection
	GlobalSection(ExtensibilityGlobals) = postSolution
		SolutionGuid = {05121770-1E91-4E20-8DC8-92B1103F2931}
	EndGlobalSection
EndGlobal
